// !$*UTF8*$!
{
	archiveVersion = 1;
	classes = {
	};
	objectVersion = 50;
	objects = {

/* Begin PBXBuildFile section */
		DB19A88122C9400C00F4EC41 /* AppDelegate.swift in Sources */ = {isa = PBXBuildFile; fileRef = DB19A88022C9400C00F4EC41 /* AppDelegate.swift */; };
		DB19A88322C9400C00F4EC41 /* ViewController.swift in Sources */ = {isa = PBXBuildFile; fileRef = DB19A88222C9400C00F4EC41 /* ViewController.swift */; };
		DB19A88822C9400C00F4EC41 /* Assets.xcassets in Resources */ = {isa = PBXBuildFile; fileRef = DB19A88722C9400C00F4EC41 /* Assets.xcassets */; };
		DB19A88B22C9400C00F4EC41 /* LaunchScreen.storyboard in Resources */ = {isa = PBXBuildFile; fileRef = DB19A88922C9400C00F4EC41 /* LaunchScreen.storyboard */; };
		DB19A89322C9451700F4EC41 /* AdditionalFunctions.swift in Sources */ = {isa = PBXBuildFile; fileRef = DB19A89222C9451700F4EC41 /* AdditionalFunctions.swift */; };
		DB596E1E22CE067B00030AAB /* GlobalVariables.swift in Sources */ = {isa = PBXBuildFile; fileRef = DB596E1D22CE067B00030AAB /* GlobalVariables.swift */; };
		DBCDD0A022D2165E00C617FE /* NaviagationBar.swift in Sources */ = {isa = PBXBuildFile; fileRef = DBCDD09F22D2165E00C617FE /* NaviagationBar.swift */; };
		DBCDD0A222D29A4900C617FE /* PartInfoView.swift in Sources */ = {isa = PBXBuildFile; fileRef = DBCDD0A122D29A4900C617FE /* PartInfoView.swift */; };
		DBCDD0A422D3F3C600C617FE /* DetailsView.swift in Sources */ = {isa = PBXBuildFile; fileRef = DBCDD0A322D3F3C600C617FE /* DetailsView.swift */; };
/* End PBXBuildFile section */

/* Begin PBXFileReference section */
		DB19A87D22C9400C00F4EC41 /* theWearApp.app */ = {isa = PBXFileReference; explicitFileType = wrapper.application; includeInIndex = 0; path = theWearApp.app; sourceTree = BUILT_PRODUCTS_DIR; };
		DB19A88022C9400C00F4EC41 /* AppDelegate.swift */ = {isa = PBXFileReference; lastKnownFileType = sourcecode.swift; path = AppDelegate.swift; sourceTree = "<group>"; };
		DB19A88222C9400C00F4EC41 /* ViewController.swift */ = {isa = PBXFileReference; lastKnownFileType = sourcecode.swift; path = ViewController.swift; sourceTree = "<group>"; };
		DB19A88722C9400C00F4EC41 /* Assets.xcassets */ = {isa = PBXFileReference; lastKnownFileType = folder.assetcatalog; path = Assets.xcassets; sourceTree = "<group>"; };
		DB19A88A22C9400C00F4EC41 /* Base */ = {isa = PBXFileReference; lastKnownFileType = file.storyboard; name = Base; path = Base.lproj/LaunchScreen.storyboard; sourceTree = "<group>"; };
		DB19A88C22C9400C00F4EC41 /* Info.plist */ = {isa = PBXFileReference; lastKnownFileType = text.plist.xml; path = Info.plist; sourceTree = "<group>"; };
		DB19A89222C9451700F4EC41 /* AdditionalFunctions.swift */ = {isa = PBXFileReference; lastKnownFileType = sourcecode.swift; path = AdditionalFunctions.swift; sourceTree = "<group>"; };
		DB596E1D22CE067B00030AAB /* GlobalVariables.swift */ = {isa = PBXFileReference; lastKnownFileType = sourcecode.swift; path = GlobalVariables.swift; sourceTree = "<group>"; };
		DBCDD09F22D2165E00C617FE /* NaviagationBar.swift */ = {isa = PBXFileReference; lastKnownFileType = sourcecode.swift; path = NaviagationBar.swift; sourceTree = "<group>"; };
		DBCDD0A122D29A4900C617FE /* PartInfoView.swift */ = {isa = PBXFileReference; lastKnownFileType = sourcecode.swift; path = PartInfoView.swift; sourceTree = "<group>"; };
		DBCDD0A322D3F3C600C617FE /* DetailsView.swift */ = {isa = PBXFileReference; lastKnownFileType = sourcecode.swift; path = DetailsView.swift; sourceTree = "<group>"; };
/* End PBXFileReference section */

/* Begin PBXFrameworksBuildPhase section */
		DB19A87A22C9400C00F4EC41 /* Frameworks */ = {
			isa = PBXFrameworksBuildPhase;
			buildActionMask = 2147483647;
			files = (
			);
			runOnlyForDeploymentPostprocessing = 0;
		};
/* End PBXFrameworksBuildPhase section */

/* Begin PBXGroup section */
		DB19A87422C9400C00F4EC41 = {
			isa = PBXGroup;
			children = (
				DB19A87F22C9400C00F4EC41 /* theWearApp */,
				DB19A87E22C9400C00F4EC41 /* Products */,
			);
			sourceTree = "<group>";
		};
		DB19A87E22C9400C00F4EC41 /* Products */ = {
			isa = PBXGroup;
			children = (
				DB19A87D22C9400C00F4EC41 /* theWearApp.app */,
			);
			name = Products;
			sourceTree = "<group>";
		};
		DB19A87F22C9400C00F4EC41 /* theWearApp */ = {
			isa = PBXGroup;
			children = (
				DB19A88022C9400C00F4EC41 /* AppDelegate.swift */,
				DBCDD0A822D3F47100C617FE /* Model */,
				DBCDD0A722D3F46800C617FE /* View */,
				DBCDD0A922D3F47F00C617FE /* Controller */,
				DB19A88722C9400C00F4EC41 /* Assets.xcassets */,
				DB19A88922C9400C00F4EC41 /* LaunchScreen.storyboard */,
				DB19A88C22C9400C00F4EC41 /* Info.plist */,
			);
			path = theWearApp;
			sourceTree = "<group>";
		};
		DBCDD0A722D3F46800C617FE /* View */ = {
			isa = PBXGroup;
			children = (
				DBCDD09F22D2165E00C617FE /* NaviagationBar.swift */,
				DBCDD0A122D29A4900C617FE /* PartInfoView.swift */,
				DBCDD0A322D3F3C600C617FE /* DetailsView.swift */,
			);
			path = View;
			sourceTree = "<group>";
		};
		DBCDD0A822D3F47100C617FE /* Model */ = {
			isa = PBXGroup;
			children = (
				DB19A89222C9451700F4EC41 /* AdditionalFunctions.swift */,
				DB596E1D22CE067B00030AAB /* GlobalVariables.swift */,
			);
			path = Model;
			sourceTree = "<group>";
		};
		DBCDD0A922D3F47F00C617FE /* Controller */ = {
			isa = PBXGroup;
			children = (
				DB19A88222C9400C00F4EC41 /* ViewController.swift */,
			);
			path = Controller;
			sourceTree = "<group>";
		};
/* End PBXGroup section */

/* Begin PBXNativeTarget section */
		DB19A87C22C9400C00F4EC41 /* theWearApp */ = {
			isa = PBXNativeTarget;
			buildConfigurationList = DB19A88F22C9400C00F4EC41 /* Build configuration list for PBXNativeTarget "theWearApp" */;
			buildPhases = (
				DB19A87922C9400C00F4EC41 /* Sources */,
				DB19A87A22C9400C00F4EC41 /* Frameworks */,
				DB19A87B22C9400C00F4EC41 /* Resources */,
			);
			buildRules = (
			);
			dependencies = (
			);
			name = theWearApp;
			productName = theWearApp;
			productReference = DB19A87D22C9400C00F4EC41 /* theWearApp.app */;
			productType = "com.apple.product-type.application";
		};
/* End PBXNativeTarget section */

/* Begin PBXProject section */
		DB19A87522C9400C00F4EC41 /* Project object */ = {
			isa = PBXProject;
			attributes = {
				LastSwiftUpdateCheck = 1020;
				LastUpgradeCheck = 1020;
				ORGANIZATIONNAME = "Max Reshetov";
				TargetAttributes = {
					DB19A87C22C9400C00F4EC41 = {
						CreatedOnToolsVersion = 10.2.1;
					};
				};
			};
			buildConfigurationList = DB19A87822C9400C00F4EC41 /* Build configuration list for PBXProject "theWearApp" */;
			compatibilityVersion = "Xcode 9.3";
			developmentRegion = en;
			hasScannedForEncodings = 0;
			knownRegions = (
				en,
				Base,
			);
			mainGroup = DB19A87422C9400C00F4EC41;
			productRefGroup = DB19A87E22C9400C00F4EC41 /* Products */;
			projectDirPath = "";
			projectRoot = "";
			targets = (
				DB19A87C22C9400C00F4EC41 /* theWearApp */,
			);
		};
/* End PBXProject section */

/* Begin PBXResourcesBuildPhase section */
		DB19A87B22C9400C00F4EC41 /* Resources */ = {
			isa = PBXResourcesBuildPhase;
			buildActionMask = 2147483647;
			files = (
				DB19A88B22C9400C00F4EC41 /* LaunchScreen.storyboard in Resources */,
				DB19A88822C9400C00F4EC41 /* Assets.xcassets in Resources */,
			);
			runOnlyForDeploymentPostprocessing = 0;
		};
/* End PBXResourcesBuildPhase section */

/* Begin PBXSourcesBuildPhase section */
		DB19A87922C9400C00F4EC41 /* Sources */ = {
			isa = PBXSourcesBuildPhase;
			buildActionMask = 2147483647;
			files = (
				DB19A89322C9451700F4EC41 /* AdditionalFunctions.swift in Sources */,
				DBCDD0A422D3F3C600C617FE /* DetailsView.swift in Sources */,
				DB19A88322C9400C00F4EC41 /* ViewController.swift in Sources */,
				DB596E1E22CE067B00030AAB /* GlobalVariables.swift in Sources */,
				DBCDD0A022D2165E00C617FE /* NaviagationBar.swift in Sources */,
				DB19A88122C9400C00F4EC41 /* AppDelegate.swift in Sources */,
				DBCDD0A222D29A4900C617FE /* PartInfoView.swift in Sources */,
			);
			runOnlyForDeploymentPostprocessing = 0;
		};
/* End PBXSourcesBuildPhase section */

/* Begin PBXVariantGroup section */
		DB19A88922C9400C00F4EC41 /* LaunchScreen.storyboard */ = {
			isa = PBXVariantGroup;
			children = (
				DB19A88A22C9400C00F4EC41 /* Base */,
			);
			name = LaunchScreen.storyboard;
			sourceTree = "<group>";
		};
/* End PBXVariantGroup section */

/* Begin XCBuildConfiguration section */
		DB19A88D22C9400C00F4EC41 /* Debug */ = {
			isa = XCBuildConfiguration;
			buildSettings = {
				ALWAYS_SEARCH_USER_PATHS = NO;
				CLANG_ANALYZER_NONNULL = YES;
				CLANG_ANALYZER_NUMBER_OBJECT_CONVERSION = YES_AGGRESSIVE;
				CLANG_CXX_LANGUAGE_STANDARD = "gnu++14";
				CLANG_CXX_LIBRARY = "libc++";
				CLANG_ENABLE_MODULES = YES;
				CLANG_ENABLE_OBJC_ARC = YES;
				CLANG_ENABLE_OBJC_WEAK = YES;
				CLANG_WARN_BLOCK_CAPTURE_AUTORELEASING = YES;
				CLANG_WARN_BOOL_CONVERSION = YES;
				CLANG_WARN_COMMA = YES;
				CLANG_WARN_CONSTANT_CONVERSION = YES;
				CLANG_WARN_DEPRECATED_OBJC_IMPLEMENTATIONS = YES;
				CLANG_WARN_DIRECT_OBJC_ISA_USAGE = YES_ERROR;
				CLANG_WARN_DOCUMENTATION_COMMENTS = YES;
				CLANG_WARN_EMPTY_BODY = YES;
				CLANG_WARN_ENUM_CONVERSION = YES;
				CLANG_WARN_INFINITE_RECURSION = YES;
				CLANG_WARN_INT_CONVERSION = YES;
				CLANG_WARN_NON_LITERAL_NULL_CONVERSION = YES;
				CLANG_WARN_OBJC_IMPLICIT_RETAIN_SELF = YES;
				CLANG_WARN_OBJC_LITERAL_CONVERSION = YES;
				CLANG_WARN_OBJC_ROOT_CLASS = YES_ERROR;
				CLANG_WARN_RANGE_LOOP_ANALYSIS = YES;
				CLANG_WARN_STRICT_PROTOTYPES = YES;
				CLANG_WARN_SUSPICIOUS_MOVE = YES;
				CLANG_WARN_UNGUARDED_AVAILABILITY = YES_AGGRESSIVE;
				CLANG_WARN_UNREACHABLE_CODE = YES;
				CLANG_WARN__DUPLICATE_METHOD_MATCH = YES;
				CODE_SIGN_IDENTITY = "iPhone Developer";
				COPY_PHASE_STRIP = NO;
				DEBUG_INFORMATION_FORMAT = dwarf;
				ENABLE_STRICT_OBJC_MSGSEND = YES;
				ENABLE_TESTABILITY = YES;
				GCC_C_LANGUAGE_STANDARD = gnu11;
				GCC_DYNAMIC_NO_PIC = NO;
				GCC_NO_COMMON_BLOCKS = YES;
				GCC_OPTIMIZATION_LEVEL = 0;
				GCC_PREPROCESSOR_DEFINITIONS = (
					"DEBUG=1",
					"$(inherited)",
				);
				GCC_WARN_64_TO_32_BIT_CONVERSION = YES;
				GCC_WARN_ABOUT_RETURN_TYPE = YES_ERROR;
				GCC_WARN_UNDECLARED_SELECTOR = YES;
				GCC_WARN_UNINITIALIZED_AUTOS = YES_AGGRESSIVE;
				GCC_WARN_UNUSED_FUNCTION = YES;
				GCC_WARN_UNUSED_VARIABLE = YES;
				IPHONEOS_DEPLOYMENT_TARGET = 12.2;
				MTL_ENABLE_DEBUG_INFO = INCLUDE_SOURCE;
				MTL_FAST_MATH = YES;
				ONLY_ACTIVE_ARCH = YES;
				SDKROOT = iphoneos;
				SWIFT_ACTIVE_COMPILATION_CONDITIONS = DEBUG;
				SWIFT_OPTIMIZATION_LEVEL = "-Onone";
			};
			name = Debug;
		};
		DB19A88E22C9400C00F4EC41 /* Release */ = {
			isa = XCBuildConfiguration;
			buildSettings = {
				ALWAYS_SEARCH_USER_PATHS = NO;
				CLANG_ANALYZER_NONNULL = YES;
				CLANG_ANALYZER_NUMBER_OBJECT_CONVERSION = YES_AGGRESSIVE;
				CLANG_CXX_LANGUAGE_STANDARD = "gnu++14";
				CLANG_CXX_LIBRARY = "libc++";
				CLANG_ENABLE_MODULES = YES;
				CLANG_ENABLE_OBJC_ARC = YES;
				CLANG_ENABLE_OBJC_WEAK = YES;
				CLANG_WARN_BLOCK_CAPTURE_AUTORELEASING = YES;
				CLANG_WARN_BOOL_CONVERSION = YES;
				CLANG_WARN_COMMA = YES;
				CLANG_WARN_CONSTANT_CONVERSION = YES;
				CLANG_WARN_DEPRECATED_OBJC_IMPLEMENTATIONS = YES;
				CLANG_WARN_DIRECT_OBJC_ISA_USAGE = YES_ERROR;
				CLANG_WARN_DOCUMENTATION_COMMENTS = YES;
				CLANG_WARN_EMPTY_BODY = YES;
				CLANG_WARN_ENUM_CONVERSION = YES;
				CLANG_WARN_INFINITE_RECURSION = YES;
				CLANG_WARN_INT_CONVERSION = YES;
				CLANG_WARN_NON_LITERAL_NULL_CONVERSION = YES;
				CLANG_WARN_OBJC_IMPLICIT_RETAIN_SELF = YES;
				CLANG_WARN_OBJC_LITERAL_CONVERSION = YES;
				CLANG_WARN_OBJC_ROOT_CLASS = YES_ERROR;
				CLANG_WARN_RANGE_LOOP_ANALYSIS = YES;
				CLANG_WARN_STRICT_PROTOTYPES = YES;
				CLANG_WARN_SUSPICIOUS_MOVE = YES;
				CLANG_WARN_UNGUARDED_AVAILABILITY = YES_AGGRESSIVE;
				CLANG_WARN_UNREACHABLE_CODE = YES;
				CLANG_WARN__DUPLICATE_METHOD_MATCH = YES;
				CODE_SIGN_IDENTITY = "iPhone Developer";
				COPY_PHASE_STRIP = NO;
				DEBUG_INFORMATION_FORMAT = "dwarf-with-dsym";
				ENABLE_NS_ASSERTIONS = NO;
				ENABLE_STRICT_OBJC_MSGSEND = YES;
				GCC_C_LANGUAGE_STANDARD = gnu11;
				GCC_NO_COMMON_BLOCKS = YES;
				GCC_WARN_64_TO_32_BIT_CONVERSION = YES;
				GCC_WARN_ABOUT_RETURN_TYPE = YES_ERROR;
				GCC_WARN_UNDECLARED_SELECTOR = YES;
				GCC_WARN_UNINITIALIZED_AUTOS = YES_AGGRESSIVE;
				GCC_WARN_UNUSED_FUNCTION = YES;
				GCC_WARN_UNUSED_VARIABLE = YES;
				IPHONEOS_DEPLOYMENT_TARGET = 12.2;
				MTL_ENABLE_DEBUG_INFO = NO;
				MTL_FAST_MATH = YES;
				SDKROOT = iphoneos;
				SWIFT_COMPILATION_MODE = wholemodule;
				SWIFT_OPTIMIZATION_LEVEL = "-O";
				VALIDATE_PRODUCT = YES;
			};
			name = Release;
		};
		DB19A89022C9400C00F4EC41 /* Debug */ = {
			isa = XCBuildConfiguration;
			buildSettings = {
				ASSETCATALOG_COMPILER_APPICON_NAME = AppIcon;
				CODE_SIGN_STYLE = Automatic;
				DEVELOPMENT_TEAM = 78FSRJL5ZR;
				INFOPLIST_FILE = theWearApp/Info.plist;
				LD_RUNPATH_SEARCH_PATHS = (
					"$(inherited)",
					"@executable_path/Frameworks",
				);
				PRODUCT_BUNDLE_IDENTIFIER = libit.theWearApp;
				PRODUCT_NAME = "$(TARGET_NAME)";
				SWIFT_VERSION = 5.0;
				TARGETED_DEVICE_FAMILY = 1;
			};
			name = Debug;
		};
		DB19A89122C9400C00F4EC41 /* Release */ = {
			isa = XCBuildConfiguration;
			buildSettings = {
				ASSETCATALOG_COMPILER_APPICON_NAME = AppIcon;
				CODE_SIGN_STYLE = Automatic;
				DEVELOPMENT_TEAM = 78FSRJL5ZR;
				INFOPLIST_FILE = theWearApp/Info.plist;
				LD_RUNPATH_SEARCH_PATHS = (
					"$(inherited)",
					"@executable_path/Frameworks",
				);
				PRODUCT_BUNDLE_IDENTIFIER = libit.theWearApp;
				PRODUCT_NAME = "$(TARGET_NAME)";
				SWIFT_VERSION = 5.0;
				TARGETED_DEVICE_FAMILY = 1;
			};
			name = Release;
		};
/* End XCBuildConfiguration section */

/* Begin XCConfigurationList section */
		DB19A87822C9400C00F4EC41 /* Build configuration list for PBXProject "theWearApp" */ = {
			isa = XCConfigurationList;
			buildConfigurations = (
				DB19A88D22C9400C00F4EC41 /* Debug */,
				DB19A88E22C9400C00F4EC41 /* Release */,
			);
			defaultConfigurationIsVisible = 0;
			defaultConfigurationName = Release;
		};
		DB19A88F22C9400C00F4EC41 /* Build configuration list for PBXNativeTarget "theWearApp" */ = {
			isa = XCConfigurationList;
			buildConfigurations = (
				DB19A89022C9400C00F4EC41 /* Debug */,
				DB19A89122C9400C00F4EC41 /* Release */,
			);
			defaultConfigurationIsVisible = 0;
			defaultConfigurationName = Release;
		};
/* End XCConfigurationList section */
	};
	rootObject = DB19A87522C9400C00F4EC41 /* Project object */;
}
