// !$*UTF8*$!
{
	archiveVersion = 1;
	classes = {
	};
	objectVersion = 50;
	objects = {

/* Begin PBXBuildFile section */
		A7237CA6223F96FA000AAFF5 /* Realm.swift in Sources */ = {isa = PBXBuildFile; fileRef = A7237CA5223F96FA000AAFF5 /* Realm.swift */; };
		A728DF53223E4667004E5771 /* AppDelegate.swift in Sources */ = {isa = PBXBuildFile; fileRef = A728DF52223E4667004E5771 /* AppDelegate.swift */; };
		A728DF55223E4667004E5771 /* MainController.swift in Sources */ = {isa = PBXBuildFile; fileRef = A728DF54223E4667004E5771 /* MainController.swift */; };
		A728DF5A223E4669004E5771 /* Assets.xcassets in Resources */ = {isa = PBXBuildFile; fileRef = A728DF59223E4669004E5771 /* Assets.xcassets */; };
		A728DF5D223E4669004E5771 /* LaunchScreen.storyboard in Resources */ = {isa = PBXBuildFile; fileRef = A728DF5B223E4669004E5771 /* LaunchScreen.storyboard */; };
		A728DF65223EBE38004E5771 /* API Requests .swift in Sources */ = {isa = PBXBuildFile; fileRef = A728DF64223EBE38004E5771 /* API Requests .swift */; };
		A728DF67223EBE5B004E5771 /* Data model.swift in Sources */ = {isa = PBXBuildFile; fileRef = A728DF66223EBE5B004E5771 /* Data model.swift */; };
		A7BE6D9D224C109800BE0E49 /* InternetCheck.swift in Sources */ = {isa = PBXBuildFile; fileRef = A7BE6D9C224C109800BE0E49 /* InternetCheck.swift */; };
		A7EDB86A22480C370044FED9 /* Gradients.swift in Sources */ = {isa = PBXBuildFile; fileRef = A7EDB86922480C360044FED9 /* Gradients.swift */; };
		BA82AD40223EF8D900EC490A /* Extensions.swift in Sources */ = {isa = PBXBuildFile; fileRef = BA82AD3F223EF8D900EC490A /* Extensions.swift */; };
		BA9D29A22248127900FE9280 /* ContainerController.swift in Sources */ = {isa = PBXBuildFile; fileRef = BA9D29A12248127900FE9280 /* ContainerController.swift */; };
		BA9D29A4224812B100FE9280 /* DetailsController.swift in Sources */ = {isa = PBXBuildFile; fileRef = BA9D29A3224812B100FE9280 /* DetailsController.swift */; };
		BA9D29A8224814E400FE9280 /* Protocols.swift in Sources */ = {isa = PBXBuildFile; fileRef = BA9D29A7224814E400FE9280 /* Protocols.swift */; };
		BA9D29AA22482AF500FE9280 /* PartsCollectionViewCell.swift in Sources */ = {isa = PBXBuildFile; fileRef = BA9D29A922482AF500FE9280 /* PartsCollectionViewCell.swift */; };
		BA9D29AC2248D35300FE9280 /* HourlyCollectionViewCell.swift in Sources */ = {isa = PBXBuildFile; fileRef = BA9D29AB2248D35300FE9280 /* HourlyCollectionViewCell.swift */; };
		BAABEA1B22490A2F009C538A /* DaysWeatherTableViewCell.swift in Sources */ = {isa = PBXBuildFile; fileRef = BAABEA1A22490A2F009C538A /* DaysWeatherTableViewCell.swift */; };
		C99B493F49C6102FC7969BF5 /* Pods_theWear.framework in Frameworks */ = {isa = PBXBuildFile; fileRef = 84A7720BA021334B9C0552B6 /* Pods_theWear.framework */; };
/* End PBXBuildFile section */

/* Begin PBXFileReference section */
		23E69440C026442F29150B9C /* Pods-theWear.release.xcconfig */ = {isa = PBXFileReference; includeInIndex = 1; lastKnownFileType = text.xcconfig; name = "Pods-theWear.release.xcconfig"; path = "Pods/Target Support Files/Pods-theWear/Pods-theWear.release.xcconfig"; sourceTree = "<group>"; };
		40788035ACFF7A587D3B82EB /* Pods-theWear.debug.xcconfig */ = {isa = PBXFileReference; includeInIndex = 1; lastKnownFileType = text.xcconfig; name = "Pods-theWear.debug.xcconfig"; path = "Pods/Target Support Files/Pods-theWear/Pods-theWear.debug.xcconfig"; sourceTree = "<group>"; };
		84A7720BA021334B9C0552B6 /* Pods_theWear.framework */ = {isa = PBXFileReference; explicitFileType = wrapper.framework; includeInIndex = 0; path = Pods_theWear.framework; sourceTree = BUILT_PRODUCTS_DIR; };
		A7237CA5223F96FA000AAFF5 /* Realm.swift */ = {isa = PBXFileReference; lastKnownFileType = sourcecode.swift; path = Realm.swift; sourceTree = "<group>"; };
		A728DF4F223E4667004E5771 /* theWear.app */ = {isa = PBXFileReference; explicitFileType = wrapper.application; includeInIndex = 0; path = theWear.app; sourceTree = BUILT_PRODUCTS_DIR; };
		A728DF52223E4667004E5771 /* AppDelegate.swift */ = {isa = PBXFileReference; lastKnownFileType = sourcecode.swift; path = AppDelegate.swift; sourceTree = "<group>"; };
		A728DF54223E4667004E5771 /* MainController.swift */ = {isa = PBXFileReference; lastKnownFileType = sourcecode.swift; path = MainController.swift; sourceTree = "<group>"; xcLanguageSpecificationIdentifier = xcode.lang.xcfilelist; };
		A728DF59223E4669004E5771 /* Assets.xcassets */ = {isa = PBXFileReference; lastKnownFileType = folder.assetcatalog; path = Assets.xcassets; sourceTree = "<group>"; };
		A728DF5C223E4669004E5771 /* Base */ = {isa = PBXFileReference; lastKnownFileType = file.storyboard; name = Base; path = Base.lproj/LaunchScreen.storyboard; sourceTree = "<group>"; };
		A728DF5E223E4669004E5771 /* Info.plist */ = {isa = PBXFileReference; lastKnownFileType = text.plist.xml; path = Info.plist; sourceTree = "<group>"; };
		A728DF64223EBE38004E5771 /* API Requests .swift */ = {isa = PBXFileReference; lastKnownFileType = sourcecode.swift; path = "API Requests .swift"; sourceTree = "<group>"; };
		A728DF66223EBE5B004E5771 /* Data model.swift */ = {isa = PBXFileReference; lastKnownFileType = sourcecode.swift; path = "Data model.swift"; sourceTree = "<group>"; };
		A7BE6D9C224C109800BE0E49 /* InternetCheck.swift */ = {isa = PBXFileReference; lastKnownFileType = sourcecode.swift; path = InternetCheck.swift; sourceTree = "<group>"; };
		A7EDB86922480C360044FED9 /* Gradients.swift */ = {isa = PBXFileReference; lastKnownFileType = sourcecode.swift; path = Gradients.swift; sourceTree = "<group>"; };
		BA82AD3F223EF8D900EC490A /* Extensions.swift */ = {isa = PBXFileReference; lastKnownFileType = sourcecode.swift; path = Extensions.swift; sourceTree = "<group>"; };
		BA9D29A12248127900FE9280 /* ContainerController.swift */ = {isa = PBXFileReference; lastKnownFileType = sourcecode.swift; path = ContainerController.swift; sourceTree = "<group>"; };
		BA9D29A3224812B100FE9280 /* DetailsController.swift */ = {isa = PBXFileReference; lastKnownFileType = sourcecode.swift; path = DetailsController.swift; sourceTree = "<group>"; };
		BA9D29A7224814E400FE9280 /* Protocols.swift */ = {isa = PBXFileReference; lastKnownFileType = sourcecode.swift; path = Protocols.swift; sourceTree = "<group>"; };
		BA9D29A922482AF500FE9280 /* PartsCollectionViewCell.swift */ = {isa = PBXFileReference; lastKnownFileType = sourcecode.swift; path = PartsCollectionViewCell.swift; sourceTree = "<group>"; };
		BA9D29AB2248D35300FE9280 /* HourlyCollectionViewCell.swift */ = {isa = PBXFileReference; lastKnownFileType = sourcecode.swift; path = HourlyCollectionViewCell.swift; sourceTree = "<group>"; };
		BAABEA1A22490A2F009C538A /* DaysWeatherTableViewCell.swift */ = {isa = PBXFileReference; lastKnownFileType = sourcecode.swift; path = DaysWeatherTableViewCell.swift; sourceTree = "<group>"; };
/* End PBXFileReference section */

/* Begin PBXFrameworksBuildPhase section */
		A728DF4C223E4667004E5771 /* Frameworks */ = {
			isa = PBXFrameworksBuildPhase;
			buildActionMask = 2147483647;
			files = (
				C99B493F49C6102FC7969BF5 /* Pods_theWear.framework in Frameworks */,
			);
			runOnlyForDeploymentPostprocessing = 0;
		};
/* End PBXFrameworksBuildPhase section */

/* Begin PBXGroup section */
		054700FE295BBD1F22363E61 /* Pods */ = {
			isa = PBXGroup;
			children = (
				40788035ACFF7A587D3B82EB /* Pods-theWear.debug.xcconfig */,
				23E69440C026442F29150B9C /* Pods-theWear.release.xcconfig */,
			);
			name = Pods;
			sourceTree = "<group>";
		};
		89F775D0A34A542E40C760C7 /* Frameworks */ = {
			isa = PBXGroup;
			children = (
				84A7720BA021334B9C0552B6 /* Pods_theWear.framework */,
			);
			name = Frameworks;
			sourceTree = "<group>";
		};
		A728DF46223E4667004E5771 = {
			isa = PBXGroup;
			children = (
				A728DF51223E4667004E5771 /* theWear */,
				A728DF50223E4667004E5771 /* Products */,
				054700FE295BBD1F22363E61 /* Pods */,
				89F775D0A34A542E40C760C7 /* Frameworks */,
			);
			sourceTree = "<group>";
		};
		A728DF50223E4667004E5771 /* Products */ = {
			isa = PBXGroup;
			children = (
				A728DF4F223E4667004E5771 /* theWear.app */,
			);
			name = Products;
			sourceTree = "<group>";
		};
		A728DF51223E4667004E5771 /* theWear */ = {
			isa = PBXGroup;
			children = (
				A728DF52223E4667004E5771 /* AppDelegate.swift */,
				BA9D29A6224814D000FE9280 /* Utils */,
				BA9D29A5224812D400FE9280 /* Container */,
				A728DF59223E4669004E5771 /* Assets.xcassets */,
				A728DF5B223E4669004E5771 /* LaunchScreen.storyboard */,
				A728DF5E223E4669004E5771 /* Info.plist */,
				A728DF66223EBE5B004E5771 /* Data model.swift */,
				A7EDB86922480C360044FED9 /* Gradients.swift */,
				A728DF64223EBE38004E5771 /* API Requests .swift */,
				A7237CA5223F96FA000AAFF5 /* Realm.swift */,
			);
			path = theWear;
			sourceTree = "<group>";
		};
		BA9D29A5224812D400FE9280 /* Container */ = {
			isa = PBXGroup;
			children = (
				A728DF54223E4667004E5771 /* MainController.swift */,
				A7BE6D9C224C109800BE0E49 /* InternetCheck.swift */,
				BA9D29A12248127900FE9280 /* ContainerController.swift */,
				BA9D29A3224812B100FE9280 /* DetailsController.swift */,
				BA9D29A922482AF500FE9280 /* PartsCollectionViewCell.swift */,
				BA9D29AB2248D35300FE9280 /* HourlyCollectionViewCell.swift */,
				BAABEA1A22490A2F009C538A /* DaysWeatherTableViewCell.swift */,
			);
			path = Container;
			sourceTree = "<group>";
		};
		BA9D29A6224814D000FE9280 /* Utils */ = {
			isa = PBXGroup;
			children = (
				BA9D29A7224814E400FE9280 /* Protocols.swift */,
				BA82AD3F223EF8D900EC490A /* Extensions.swift */,
			);
			path = Utils;
			sourceTree = "<group>";
		};
/* End PBXGroup section */

/* Begin PBXNativeTarget section */
		A728DF4E223E4667004E5771 /* theWear */ = {
			isa = PBXNativeTarget;
			buildConfigurationList = A728DF61223E4669004E5771 /* Build configuration list for PBXNativeTarget "theWear" */;
			buildPhases = (
				C4A211EB6BB3E2E84784A704 /* [CP] Check Pods Manifest.lock */,
				A728DF4B223E4667004E5771 /* Sources */,
				A728DF4C223E4667004E5771 /* Frameworks */,
				A728DF4D223E4667004E5771 /* Resources */,
				02C051B4CEDA8CD23343CA84 /* [CP] Embed Pods Frameworks */,
			);
			buildRules = (
			);
			dependencies = (
			);
			name = theWear;
			productName = theWear;
			productReference = A728DF4F223E4667004E5771 /* theWear.app */;
			productType = "com.apple.product-type.application";
		};
/* End PBXNativeTarget section */

/* Begin PBXProject section */
		A728DF47223E4667004E5771 /* Project object */ = {
			isa = PBXProject;
			attributes = {
				LastSwiftUpdateCheck = 1010;
				LastUpgradeCheck = 1010;
				ORGANIZATIONNAME = "Валентина";
				TargetAttributes = {
					A728DF4E223E4667004E5771 = {
						CreatedOnToolsVersion = 10.1;
					};
				};
			};
			buildConfigurationList = A728DF4A223E4667004E5771 /* Build configuration list for PBXProject "theWear" */;
			compatibilityVersion = "Xcode 9.3";
			developmentRegion = en;
			hasScannedForEncodings = 0;
			knownRegions = (
				en,
				Base,
			);
			mainGroup = A728DF46223E4667004E5771;
			productRefGroup = A728DF50223E4667004E5771 /* Products */;
			projectDirPath = "";
			projectRoot = "";
			targets = (
				A728DF4E223E4667004E5771 /* theWear */,
			);
		};
/* End PBXProject section */

/* Begin PBXResourcesBuildPhase section */
		A728DF4D223E4667004E5771 /* Resources */ = {
			isa = PBXResourcesBuildPhase;
			buildActionMask = 2147483647;
			files = (
				A728DF5D223E4669004E5771 /* LaunchScreen.storyboard in Resources */,
				A728DF5A223E4669004E5771 /* Assets.xcassets in Resources */,
			);
			runOnlyForDeploymentPostprocessing = 0;
		};
/* End PBXResourcesBuildPhase section */

/* Begin PBXShellScriptBuildPhase section */
		02C051B4CEDA8CD23343CA84 /* [CP] Embed Pods Frameworks */ = {
			isa = PBXShellScriptBuildPhase;
			buildActionMask = 2147483647;
			files = (
			);
			inputFileListPaths = (
			);
			inputPaths = (
				"${SRCROOT}/Pods/Target Support Files/Pods-theWear/Pods-theWear-frameworks.sh",
				"${BUILT_PRODUCTS_DIR}/Realm/Realm.framework",
				"${BUILT_PRODUCTS_DIR}/RealmSwift/RealmSwift.framework",
			);
			name = "[CP] Embed Pods Frameworks";
			outputFileListPaths = (
			);
			outputPaths = (
				"${TARGET_BUILD_DIR}/${FRAMEWORKS_FOLDER_PATH}/Realm.framework",
				"${TARGET_BUILD_DIR}/${FRAMEWORKS_FOLDER_PATH}/RealmSwift.framework",
			);
			runOnlyForDeploymentPostprocessing = 0;
			shellPath = /bin/sh;
			shellScript = "\"${SRCROOT}/Pods/Target Support Files/Pods-theWear/Pods-theWear-frameworks.sh\"\n";
			showEnvVarsInLog = 0;
		};
		C4A211EB6BB3E2E84784A704 /* [CP] Check Pods Manifest.lock */ = {
			isa = PBXShellScriptBuildPhase;
			buildActionMask = 2147483647;
			files = (
			);
			inputFileListPaths = (
			);
			inputPaths = (
				"${PODS_PODFILE_DIR_PATH}/Podfile.lock",
				"${PODS_ROOT}/Manifest.lock",
			);
			name = "[CP] Check Pods Manifest.lock";
			outputFileListPaths = (
			);
			outputPaths = (
				"$(DERIVED_FILE_DIR)/Pods-theWear-checkManifestLockResult.txt",
			);
			runOnlyForDeploymentPostprocessing = 0;
			shellPath = /bin/sh;
			shellScript = "diff \"${PODS_PODFILE_DIR_PATH}/Podfile.lock\" \"${PODS_ROOT}/Manifest.lock\" > /dev/null\nif [ $? != 0 ] ; then\n    # print error to STDERR\n    echo \"error: The sandbox is not in sync with the Podfile.lock. Run 'pod install' or update your CocoaPods installation.\" >&2\n    exit 1\nfi\n# This output is used by Xcode 'outputs' to avoid re-running this script phase.\necho \"SUCCESS\" > \"${SCRIPT_OUTPUT_FILE_0}\"\n";
			showEnvVarsInLog = 0;
		};
/* End PBXShellScriptBuildPhase section */

/* Begin PBXSourcesBuildPhase section */
		A728DF4B223E4667004E5771 /* Sources */ = {
			isa = PBXSourcesBuildPhase;
			buildActionMask = 2147483647;
			files = (
				BAABEA1B22490A2F009C538A /* DaysWeatherTableViewCell.swift in Sources */,
				BA82AD40223EF8D900EC490A /* Extensions.swift in Sources */,
				BA9D29A4224812B100FE9280 /* DetailsController.swift in Sources */,
				A7BE6D9D224C109800BE0E49 /* InternetCheck.swift in Sources */,
				A728DF55223E4667004E5771 /* MainController.swift in Sources */,
				A7237CA6223F96FA000AAFF5 /* Realm.swift in Sources */,
				BA9D29A22248127900FE9280 /* ContainerController.swift in Sources */,
				BA9D29A8224814E400FE9280 /* Protocols.swift in Sources */,
				A728DF65223EBE38004E5771 /* API Requests .swift in Sources */,
				A728DF67223EBE5B004E5771 /* Data model.swift in Sources */,
				BA9D29AA22482AF500FE9280 /* PartsCollectionViewCell.swift in Sources */,
				A7EDB86A22480C370044FED9 /* Gradients.swift in Sources */,
				A728DF53223E4667004E5771 /* AppDelegate.swift in Sources */,
				BA9D29AC2248D35300FE9280 /* HourlyCollectionViewCell.swift in Sources */,
			);
			runOnlyForDeploymentPostprocessing = 0;
		};
/* End PBXSourcesBuildPhase section */

/* Begin PBXVariantGroup section */
		A728DF5B223E4669004E5771 /* LaunchScreen.storyboard */ = {
			isa = PBXVariantGroup;
			children = (
				A728DF5C223E4669004E5771 /* Base */,
			);
			name = LaunchScreen.storyboard;
			sourceTree = "<group>";
		};
/* End PBXVariantGroup section */

/* Begin XCBuildConfiguration section */
		A728DF5F223E4669004E5771 /* Debug */ = {
			isa = XCBuildConfiguration;
			buildSettings = {
				ALWAYS_SEARCH_USER_PATHS = NO;
				CLANG_ANALYZER_NONNULL = YES;
				CLANG_ANALYZER_NUMBER_OBJECT_CONVERSION = YES_AGGRESSIVE;
				CLANG_CXX_LANGUAGE_STANDARD = "gnu++14";
				CLANG_CXX_LIBRARY = "libc++";
				CLANG_ENABLE_MODULES = YES;
				CLANG_ENABLE_OBJC_ARC = YES;
				CLANG_ENABLE_OBJC_WEAK = YES;
				CLANG_WARN_BLOCK_CAPTURE_AUTORELEASING = YES;
				CLANG_WARN_BOOL_CONVERSION = YES;
				CLANG_WARN_COMMA = YES;
				CLANG_WARN_CONSTANT_CONVERSION = YES;
				CLANG_WARN_DEPRECATED_OBJC_IMPLEMENTATIONS = YES;
				CLANG_WARN_DIRECT_OBJC_ISA_USAGE = YES_ERROR;
				CLANG_WARN_DOCUMENTATION_COMMENTS = YES;
				CLANG_WARN_EMPTY_BODY = YES;
				CLANG_WARN_ENUM_CONVERSION = YES;
				CLANG_WARN_INFINITE_RECURSION = YES;
				CLANG_WARN_INT_CONVERSION = YES;
				CLANG_WARN_NON_LITERAL_NULL_CONVERSION = YES;
				CLANG_WARN_OBJC_IMPLICIT_RETAIN_SELF = YES;
				CLANG_WARN_OBJC_LITERAL_CONVERSION = YES;
				CLANG_WARN_OBJC_ROOT_CLASS = YES_ERROR;
				CLANG_WARN_RANGE_LOOP_ANALYSIS = YES;
				CLANG_WARN_STRICT_PROTOTYPES = YES;
				CLANG_WARN_SUSPICIOUS_MOVE = YES;
				CLANG_WARN_UNGUARDED_AVAILABILITY = YES_AGGRESSIVE;
				CLANG_WARN_UNREACHABLE_CODE = YES;
				CLANG_WARN__DUPLICATE_METHOD_MATCH = YES;
				CODE_SIGN_IDENTITY = "iPhone Developer";
				COPY_PHASE_STRIP = NO;
				DEBUG_INFORMATION_FORMAT = dwarf;
				ENABLE_STRICT_OBJC_MSGSEND = YES;
				ENABLE_TESTABILITY = YES;
				GCC_C_LANGUAGE_STANDARD = gnu11;
				GCC_DYNAMIC_NO_PIC = NO;
				GCC_NO_COMMON_BLOCKS = YES;
				GCC_OPTIMIZATION_LEVEL = 0;
				GCC_PREPROCESSOR_DEFINITIONS = (
					"DEBUG=1",
					"$(inherited)",
				);
				GCC_WARN_64_TO_32_BIT_CONVERSION = YES;
				GCC_WARN_ABOUT_RETURN_TYPE = YES_ERROR;
				GCC_WARN_UNDECLARED_SELECTOR = YES;
				GCC_WARN_UNINITIALIZED_AUTOS = YES_AGGRESSIVE;
				GCC_WARN_UNUSED_FUNCTION = YES;
				GCC_WARN_UNUSED_VARIABLE = YES;
				IPHONEOS_DEPLOYMENT_TARGET = 12.1;
				MTL_ENABLE_DEBUG_INFO = INCLUDE_SOURCE;
				MTL_FAST_MATH = YES;
				ONLY_ACTIVE_ARCH = YES;
				SDKROOT = iphoneos;
				SWIFT_ACTIVE_COMPILATION_CONDITIONS = DEBUG;
				SWIFT_OPTIMIZATION_LEVEL = "-Onone";
			};
			name = Debug;
		};
		A728DF60223E4669004E5771 /* Release */ = {
			isa = XCBuildConfiguration;
			buildSettings = {
				ALWAYS_SEARCH_USER_PATHS = NO;
				CLANG_ANALYZER_NONNULL = YES;
				CLANG_ANALYZER_NUMBER_OBJECT_CONVERSION = YES_AGGRESSIVE;
				CLANG_CXX_LANGUAGE_STANDARD = "gnu++14";
				CLANG_CXX_LIBRARY = "libc++";
				CLANG_ENABLE_MODULES = YES;
				CLANG_ENABLE_OBJC_ARC = YES;
				CLANG_ENABLE_OBJC_WEAK = YES;
				CLANG_WARN_BLOCK_CAPTURE_AUTORELEASING = YES;
				CLANG_WARN_BOOL_CONVERSION = YES;
				CLANG_WARN_COMMA = YES;
				CLANG_WARN_CONSTANT_CONVERSION = YES;
				CLANG_WARN_DEPRECATED_OBJC_IMPLEMENTATIONS = YES;
				CLANG_WARN_DIRECT_OBJC_ISA_USAGE = YES_ERROR;
				CLANG_WARN_DOCUMENTATION_COMMENTS = YES;
				CLANG_WARN_EMPTY_BODY = YES;
				CLANG_WARN_ENUM_CONVERSION = YES;
				CLANG_WARN_INFINITE_RECURSION = YES;
				CLANG_WARN_INT_CONVERSION = YES;
				CLANG_WARN_NON_LITERAL_NULL_CONVERSION = YES;
				CLANG_WARN_OBJC_IMPLICIT_RETAIN_SELF = YES;
				CLANG_WARN_OBJC_LITERAL_CONVERSION = YES;
				CLANG_WARN_OBJC_ROOT_CLASS = YES_ERROR;
				CLANG_WARN_RANGE_LOOP_ANALYSIS = YES;
				CLANG_WARN_STRICT_PROTOTYPES = YES;
				CLANG_WARN_SUSPICIOUS_MOVE = YES;
				CLANG_WARN_UNGUARDED_AVAILABILITY = YES_AGGRESSIVE;
				CLANG_WARN_UNREACHABLE_CODE = YES;
				CLANG_WARN__DUPLICATE_METHOD_MATCH = YES;
				CODE_SIGN_IDENTITY = "iPhone Developer";
				COPY_PHASE_STRIP = NO;
				DEBUG_INFORMATION_FORMAT = "dwarf-with-dsym";
				ENABLE_NS_ASSERTIONS = NO;
				ENABLE_STRICT_OBJC_MSGSEND = YES;
				GCC_C_LANGUAGE_STANDARD = gnu11;
				GCC_NO_COMMON_BLOCKS = YES;
				GCC_WARN_64_TO_32_BIT_CONVERSION = YES;
				GCC_WARN_ABOUT_RETURN_TYPE = YES_ERROR;
				GCC_WARN_UNDECLARED_SELECTOR = YES;
				GCC_WARN_UNINITIALIZED_AUTOS = YES_AGGRESSIVE;
				GCC_WARN_UNUSED_FUNCTION = YES;
				GCC_WARN_UNUSED_VARIABLE = YES;
				IPHONEOS_DEPLOYMENT_TARGET = 12.1;
				MTL_ENABLE_DEBUG_INFO = NO;
				MTL_FAST_MATH = YES;
				SDKROOT = iphoneos;
				SWIFT_COMPILATION_MODE = wholemodule;
				SWIFT_OPTIMIZATION_LEVEL = "-O";
				VALIDATE_PRODUCT = YES;
			};
			name = Release;
		};
		A728DF62223E4669004E5771 /* Debug */ = {
			isa = XCBuildConfiguration;
			baseConfigurationReference = 40788035ACFF7A587D3B82EB /* Pods-theWear.debug.xcconfig */;
			buildSettings = {
				ASSETCATALOG_COMPILER_APPICON_NAME = AppIcon;
				CODE_SIGN_STYLE = Automatic;
				DEVELOPMENT_TEAM = 99F33CAX5W;
				INFOPLIST_FILE = theWear/Info.plist;
				IPHONEOS_DEPLOYMENT_TARGET = 12.0;
				LD_RUNPATH_SEARCH_PATHS = (
					"$(inherited)",
					"@executable_path/Frameworks",
				);
				PRODUCT_BUNDLE_IDENTIFIER = "Valentina.theWear---";
				PRODUCT_NAME = "$(TARGET_NAME)";
				SWIFT_VERSION = 4.2;
				TARGETED_DEVICE_FAMILY = 1;
			};
			name = Debug;
		};
		A728DF63223E4669004E5771 /* Release */ = {
			isa = XCBuildConfiguration;
			baseConfigurationReference = 23E69440C026442F29150B9C /* Pods-theWear.release.xcconfig */;
			buildSettings = {
				ASSETCATALOG_COMPILER_APPICON_NAME = AppIcon;
				CODE_SIGN_STYLE = Automatic;
				DEVELOPMENT_TEAM = 99F33CAX5W;
				INFOPLIST_FILE = theWear/Info.plist;
				IPHONEOS_DEPLOYMENT_TARGET = 12.0;
				LD_RUNPATH_SEARCH_PATHS = (
					"$(inherited)",
					"@executable_path/Frameworks",
				);
				PRODUCT_BUNDLE_IDENTIFIER = "Valentina.theWear---";
				PRODUCT_NAME = "$(TARGET_NAME)";
				SWIFT_VERSION = 4.2;
				TARGETED_DEVICE_FAMILY = 1;
			};
			name = Release;
		};
/* End XCBuildConfiguration section */

/* Begin XCConfigurationList section */
		A728DF4A223E4667004E5771 /* Build configuration list for PBXProject "theWear" */ = {
			isa = XCConfigurationList;
			buildConfigurations = (
				A728DF5F223E4669004E5771 /* Debug */,
				A728DF60223E4669004E5771 /* Release */,
			);
			defaultConfigurationIsVisible = 0;
			defaultConfigurationName = Release;
		};
		A728DF61223E4669004E5771 /* Build configuration list for PBXNativeTarget "theWear" */ = {
			isa = XCConfigurationList;
			buildConfigurations = (
				A728DF62223E4669004E5771 /* Debug */,
				A728DF63223E4669004E5771 /* Release */,
			);
			defaultConfigurationIsVisible = 0;
			defaultConfigurationName = Release;
		};
/* End XCConfigurationList section */
	};
	rootObject = A728DF47223E4667004E5771 /* Project object */;
}
