// !$*UTF8*$!
{
	archiveVersion = 1;
	classes = {
	};
	objectVersion = 50;
	objects = {

/* Begin PBXBuildFile section */
		A701CC5F228F3D18005F4E21 /* Helpers.swift in Sources */ = {isa = PBXBuildFile; fileRef = A701CC5E228F3D18005F4E21 /* Helpers.swift */; };
		A72613EF226DA99E00D0074A /* WeatherCodes&Statuses.swift in Sources */ = {isa = PBXBuildFile; fileRef = A72613EE226DA99E00D0074A /* WeatherCodes&Statuses.swift */; };
		A726140122705AA700D0074A /* theWearApplicationTests.swift in Sources */ = {isa = PBXBuildFile; fileRef = A726140022705AA700D0074A /* theWearApplicationTests.swift */; };
		A72F45C722933921000177F0 /* LocalNotifications.swift in Sources */ = {isa = PBXBuildFile; fileRef = A72F45C622933921000177F0 /* LocalNotifications.swift */; };
		A783D0DA226C5670006948F8 /* Requests&Model.swift in Sources */ = {isa = PBXBuildFile; fileRef = A783D0D9226C5670006948F8 /* Requests&Model.swift */; };
		A787FDA4228C5557004BC4D7 /* SwiftyDropbox.framework in Frameworks */ = {isa = PBXBuildFile; fileRef = A787FDA3228C5557004BC4D7 /* SwiftyDropbox.framework */; };
		A78A6839228593AB00657152 /* Data&Methods.swift in Sources */ = {isa = PBXBuildFile; fileRef = A78A6838228593AB00657152 /* Data&Methods.swift */; };
		A7DE609B22AE629300FA2055 /* LocationButton.swift in Sources */ = {isa = PBXBuildFile; fileRef = A7DE609A22AE629300FA2055 /* LocationButton.swift */; };
		ABCED885E446D2480CEFB367 /* Pods_theWearApplication.framework in Frameworks */ = {isa = PBXBuildFile; fileRef = 1C7F24AC087394C114B598EC /* Pods_theWearApplication.framework */; };
		BA3D8BA622B8CB2D008F791F /* ContainerViewController.swift in Sources */ = {isa = PBXBuildFile; fileRef = BA3D8BA522B8CB2D008F791F /* ContainerViewController.swift */; };
		BA3D8BA822B8CB44008F791F /* SearchCitiesViewController.swift in Sources */ = {isa = PBXBuildFile; fileRef = BA3D8BA722B8CB44008F791F /* SearchCitiesViewController.swift */; };
		BA3D8BAA22B8CB5D008F791F /* SettingsViewController.swift in Sources */ = {isa = PBXBuildFile; fileRef = BA3D8BA922B8CB5D008F791F /* SettingsViewController.swift */; };
		BA4BBE79229954930095735F /* Assets.xcassets in Resources */ = {isa = PBXBuildFile; fileRef = BA4BBE78229954930095735F /* Assets.xcassets */; };
		BA4BBE7B22997C880095735F /* CreatingPerson.swift in Sources */ = {isa = PBXBuildFile; fileRef = BA4BBE7A22997C880095735F /* CreatingPerson.swift */; };
		BA5D91BF228EE66B007E47BA /* CitiesTableView.swift in Sources */ = {isa = PBXBuildFile; fileRef = BA5D91BE228EE66B007E47BA /* CitiesTableView.swift */; };
		BA5D91C1228EE712007E47BA /* CityCell.swift in Sources */ = {isa = PBXBuildFile; fileRef = BA5D91C0228EE712007E47BA /* CityCell.swift */; };
		BA5D91C5229028C3007E47BA /* SegmentedControlCell.swift in Sources */ = {isa = PBXBuildFile; fileRef = BA5D91C4229028C3007E47BA /* SegmentedControlCell.swift */; };
		BA6C7ED82284DE2D005654A3 /* HourCell.swift in Sources */ = {isa = PBXBuildFile; fileRef = BA6C7ED72284DE2D005654A3 /* HourCell.swift */; };
		BA6C7EDA2284F186005654A3 /* DetailCell.swift in Sources */ = {isa = PBXBuildFile; fileRef = BA6C7ED92284F185005654A3 /* DetailCell.swift */; };
		BA6C7EDC2284F1B9005654A3 /* DayCell.swift in Sources */ = {isa = PBXBuildFile; fileRef = BA6C7EDB2284F1B9005654A3 /* DayCell.swift */; };
		BABDAB162280E2B500542482 /* configurePaddingsAndFrame.swift in Sources */ = {isa = PBXBuildFile; fileRef = BABDAB152280E2B500542482 /* configurePaddingsAndFrame.swift */; };
		BABDAB1E2282262D00542482 /* DetailsView.swift in Sources */ = {isa = PBXBuildFile; fileRef = BABDAB1D2282262D00542482 /* DetailsView.swift */; };
		BABDAB202282307B00542482 /* SettingsButton.swift in Sources */ = {isa = PBXBuildFile; fileRef = BABDAB1F2282307B00542482 /* SettingsButton.swift */; };
		BABDAB22228231C200542482 /* NavigationBar.swift in Sources */ = {isa = PBXBuildFile; fileRef = BABDAB21228231C200542482 /* NavigationBar.swift */; };
		BABDAB242282342B00542482 /* CityLabel.swift in Sources */ = {isa = PBXBuildFile; fileRef = BABDAB232282342B00542482 /* CityLabel.swift */; };
		BABDAB272282358000542482 /* PartsCollectionView.swift in Sources */ = {isa = PBXBuildFile; fileRef = BABDAB262282358000542482 /* PartsCollectionView.swift */; };
		BABDAB2922823A0600542482 /* PartCell.swift in Sources */ = {isa = PBXBuildFile; fileRef = BABDAB2822823A0600542482 /* PartCell.swift */; };
		BAC4B8F722B060DB00E30E56 /* PersonView.swift in Sources */ = {isa = PBXBuildFile; fileRef = BAC4B8F622B060DB00E30E56 /* PersonView.swift */; };
		BAFF268B2268BF6400D6C7FA /* AppDelegate.swift in Sources */ = {isa = PBXBuildFile; fileRef = BAFF268A2268BF6400D6C7FA /* AppDelegate.swift */; };
		BAFF268D2268BF6400D6C7FA /* ViewController.swift in Sources */ = {isa = PBXBuildFile; fileRef = BAFF268C2268BF6400D6C7FA /* ViewController.swift */; };
		BAFF26952268BF6600D6C7FA /* LaunchScreen.storyboard in Resources */ = {isa = PBXBuildFile; fileRef = BAFF26932268BF6600D6C7FA /* LaunchScreen.storyboard */; };
		BAFF26A12268C01700D6C7FA /* Extensions.swift in Sources */ = {isa = PBXBuildFile; fileRef = BAFF26A02268C01700D6C7FA /* Extensions.swift */; };
		BAFF26A72268C05C00D6C7FA /* InternetCheck.swift in Sources */ = {isa = PBXBuildFile; fileRef = BAFF26A62268C05C00D6C7FA /* InternetCheck.swift */; };
/* End PBXBuildFile section */

/* Begin PBXContainerItemProxy section */
		A726140322705AA700D0074A /* PBXContainerItemProxy */ = {
			isa = PBXContainerItemProxy;
			containerPortal = BAFF267F2268BF6400D6C7FA /* Project object */;
			proxyType = 1;
			remoteGlobalIDString = BAFF26862268BF6400D6C7FA;
			remoteInfo = theWearApplication;
		};
/* End PBXContainerItemProxy section */

/* Begin PBXFileReference section */
		1297827E055B0A29E4E7676C /* Pods-theWearApplication.release.xcconfig */ = {isa = PBXFileReference; includeInIndex = 1; lastKnownFileType = text.xcconfig; name = "Pods-theWearApplication.release.xcconfig"; path = "Target Support Files/Pods-theWearApplication/Pods-theWearApplication.release.xcconfig"; sourceTree = "<group>"; };
		1C7F24AC087394C114B598EC /* Pods_theWearApplication.framework */ = {isa = PBXFileReference; explicitFileType = wrapper.framework; includeInIndex = 0; path = Pods_theWearApplication.framework; sourceTree = BUILT_PRODUCTS_DIR; };
		6430FBB6C3A020CA7AA0D49F /* Pods-theWearApplication.debug.xcconfig */ = {isa = PBXFileReference; includeInIndex = 1; lastKnownFileType = text.xcconfig; name = "Pods-theWearApplication.debug.xcconfig"; path = "Target Support Files/Pods-theWearApplication/Pods-theWearApplication.debug.xcconfig"; sourceTree = "<group>"; };
		6710E8783368A93A74112D5A /* Pods_theWearApplication_theWearApplicationTests.framework */ = {isa = PBXFileReference; explicitFileType = wrapper.framework; includeInIndex = 0; path = Pods_theWearApplication_theWearApplicationTests.framework; sourceTree = BUILT_PRODUCTS_DIR; };
		A701CC5E228F3D18005F4E21 /* Helpers.swift */ = {isa = PBXFileReference; lastKnownFileType = sourcecode.swift; path = Helpers.swift; sourceTree = "<group>"; };
		A72613EE226DA99E00D0074A /* WeatherCodes&Statuses.swift */ = {isa = PBXFileReference; lastKnownFileType = sourcecode.swift; path = "WeatherCodes&Statuses.swift"; sourceTree = "<group>"; };
		A72613FE22705AA700D0074A /* theWearApplicationTests.xctest */ = {isa = PBXFileReference; explicitFileType = wrapper.cfbundle; includeInIndex = 0; path = theWearApplicationTests.xctest; sourceTree = BUILT_PRODUCTS_DIR; };
		A726140022705AA700D0074A /* theWearApplicationTests.swift */ = {isa = PBXFileReference; lastKnownFileType = sourcecode.swift; path = theWearApplicationTests.swift; sourceTree = "<group>"; };
		A726140222705AA700D0074A /* Info.plist */ = {isa = PBXFileReference; lastKnownFileType = text.plist.xml; path = Info.plist; sourceTree = "<group>"; };
		A72F45C622933921000177F0 /* LocalNotifications.swift */ = {isa = PBXFileReference; lastKnownFileType = sourcecode.swift; path = LocalNotifications.swift; sourceTree = "<group>"; };
		A783D0D9226C5670006948F8 /* Requests&Model.swift */ = {isa = PBXFileReference; fileEncoding = 4; lastKnownFileType = sourcecode.swift; path = "Requests&Model.swift"; sourceTree = "<group>"; };
		A787FDA3228C5557004BC4D7 /* SwiftyDropbox.framework */ = {isa = PBXFileReference; explicitFileType = wrapper.framework; path = SwiftyDropbox.framework; sourceTree = BUILT_PRODUCTS_DIR; };
		A78A6838228593AB00657152 /* Data&Methods.swift */ = {isa = PBXFileReference; lastKnownFileType = sourcecode.swift; path = "Data&Methods.swift"; sourceTree = "<group>"; };
		A7D560EE228B60A500650894 /* Filestack.framework */ = {isa = PBXFileReference; explicitFileType = wrapper.framework; path = Filestack.framework; sourceTree = BUILT_PRODUCTS_DIR; };
		A7DE609A22AE629300FA2055 /* LocationButton.swift */ = {isa = PBXFileReference; lastKnownFileType = sourcecode.swift; path = LocationButton.swift; sourceTree = "<group>"; };
		A7E872E2228B59FC00C3B3C9 /* FilestackSDK.framework */ = {isa = PBXFileReference; explicitFileType = wrapper.framework; path = FilestackSDK.framework; sourceTree = BUILT_PRODUCTS_DIR; };
		BA3D8BA522B8CB2D008F791F /* ContainerViewController.swift */ = {isa = PBXFileReference; lastKnownFileType = sourcecode.swift; path = ContainerViewController.swift; sourceTree = "<group>"; };
		BA3D8BA722B8CB44008F791F /* SearchCitiesViewController.swift */ = {isa = PBXFileReference; lastKnownFileType = sourcecode.swift; path = SearchCitiesViewController.swift; sourceTree = "<group>"; };
		BA3D8BA922B8CB5D008F791F /* SettingsViewController.swift */ = {isa = PBXFileReference; lastKnownFileType = sourcecode.swift; path = SettingsViewController.swift; sourceTree = "<group>"; };
		BA4BBE78229954930095735F /* Assets.xcassets */ = {isa = PBXFileReference; lastKnownFileType = folder.assetcatalog; name = Assets.xcassets; path = theWearApplication/Assets.xcassets; sourceTree = SOURCE_ROOT; };
		BA4BBE7A22997C880095735F /* CreatingPerson.swift */ = {isa = PBXFileReference; lastKnownFileType = sourcecode.swift; path = CreatingPerson.swift; sourceTree = "<group>"; };
		BA5D91BE228EE66B007E47BA /* CitiesTableView.swift */ = {isa = PBXFileReference; lastKnownFileType = sourcecode.swift; path = CitiesTableView.swift; sourceTree = "<group>"; };
		BA5D91C0228EE712007E47BA /* CityCell.swift */ = {isa = PBXFileReference; lastKnownFileType = sourcecode.swift; path = CityCell.swift; sourceTree = "<group>"; };
		BA5D91C4229028C3007E47BA /* SegmentedControlCell.swift */ = {isa = PBXFileReference; lastKnownFileType = sourcecode.swift; path = SegmentedControlCell.swift; sourceTree = "<group>"; };
		BA6C7ED72284DE2D005654A3 /* HourCell.swift */ = {isa = PBXFileReference; lastKnownFileType = sourcecode.swift; path = HourCell.swift; sourceTree = "<group>"; };
		BA6C7ED92284F185005654A3 /* DetailCell.swift */ = {isa = PBXFileReference; lastKnownFileType = sourcecode.swift; path = DetailCell.swift; sourceTree = "<group>"; };
		BA6C7EDB2284F1B9005654A3 /* DayCell.swift */ = {isa = PBXFileReference; lastKnownFileType = sourcecode.swift; path = DayCell.swift; sourceTree = "<group>"; };
		BABDAB152280E2B500542482 /* configurePaddingsAndFrame.swift */ = {isa = PBXFileReference; lastKnownFileType = sourcecode.swift; path = configurePaddingsAndFrame.swift; sourceTree = "<group>"; };
		BABDAB1D2282262D00542482 /* DetailsView.swift */ = {isa = PBXFileReference; lastKnownFileType = sourcecode.swift; path = DetailsView.swift; sourceTree = "<group>"; };
		BABDAB1F2282307B00542482 /* SettingsButton.swift */ = {isa = PBXFileReference; lastKnownFileType = sourcecode.swift; path = SettingsButton.swift; sourceTree = "<group>"; };
		BABDAB21228231C200542482 /* NavigationBar.swift */ = {isa = PBXFileReference; lastKnownFileType = sourcecode.swift; path = NavigationBar.swift; sourceTree = "<group>"; };
		BABDAB232282342B00542482 /* CityLabel.swift */ = {isa = PBXFileReference; lastKnownFileType = sourcecode.swift; path = CityLabel.swift; sourceTree = "<group>"; };
		BABDAB262282358000542482 /* PartsCollectionView.swift */ = {isa = PBXFileReference; lastKnownFileType = sourcecode.swift; path = PartsCollectionView.swift; sourceTree = "<group>"; };
		BABDAB2822823A0600542482 /* PartCell.swift */ = {isa = PBXFileReference; lastKnownFileType = sourcecode.swift; path = PartCell.swift; sourceTree = "<group>"; };
		BAC4B8F622B060DB00E30E56 /* PersonView.swift */ = {isa = PBXFileReference; lastKnownFileType = sourcecode.swift; path = PersonView.swift; sourceTree = "<group>"; };
		BAFF26872268BF6400D6C7FA /* theWearApplication.app */ = {isa = PBXFileReference; explicitFileType = wrapper.application; includeInIndex = 0; path = theWearApplication.app; sourceTree = BUILT_PRODUCTS_DIR; };
		BAFF268A2268BF6400D6C7FA /* AppDelegate.swift */ = {isa = PBXFileReference; lastKnownFileType = sourcecode.swift; path = AppDelegate.swift; sourceTree = "<group>"; };
		BAFF268C2268BF6400D6C7FA /* ViewController.swift */ = {isa = PBXFileReference; lastKnownFileType = sourcecode.swift; path = ViewController.swift; sourceTree = "<group>"; };
		BAFF26942268BF6600D6C7FA /* Base */ = {isa = PBXFileReference; lastKnownFileType = file.storyboard; name = Base; path = Base.lproj/LaunchScreen.storyboard; sourceTree = "<group>"; };
		BAFF26962268BF6600D6C7FA /* Info.plist */ = {isa = PBXFileReference; lastKnownFileType = text.plist.xml; path = Info.plist; sourceTree = "<group>"; };
		BAFF26A02268C01700D6C7FA /* Extensions.swift */ = {isa = PBXFileReference; lastKnownFileType = sourcecode.swift; path = Extensions.swift; sourceTree = "<group>"; };
		BAFF26A62268C05C00D6C7FA /* InternetCheck.swift */ = {isa = PBXFileReference; lastKnownFileType = sourcecode.swift; path = InternetCheck.swift; sourceTree = "<group>"; };
/* End PBXFileReference section */

/* Begin PBXFrameworksBuildPhase section */
		A72613FB22705AA700D0074A /* Frameworks */ = {
			isa = PBXFrameworksBuildPhase;
			buildActionMask = 2147483647;
			files = (
			);
			runOnlyForDeploymentPostprocessing = 0;
		};
		BAFF26842268BF6400D6C7FA /* Frameworks */ = {
			isa = PBXFrameworksBuildPhase;
			buildActionMask = 2147483647;
			files = (
				A787FDA4228C5557004BC4D7 /* SwiftyDropbox.framework in Frameworks */,
				ABCED885E446D2480CEFB367 /* Pods_theWearApplication.framework in Frameworks */,
			);
			runOnlyForDeploymentPostprocessing = 0;
		};
/* End PBXFrameworksBuildPhase section */

/* Begin PBXGroup section */
		258C76F1FA504F6981299F35 /* Pods */ = {
			isa = PBXGroup;
			children = (
				6430FBB6C3A020CA7AA0D49F /* Pods-theWearApplication.debug.xcconfig */,
				1297827E055B0A29E4E7676C /* Pods-theWearApplication.release.xcconfig */,
			);
			path = Pods;
			sourceTree = "<group>";
		};
		72A5E752730880B102677599 /* Frameworks */ = {
			isa = PBXGroup;
			children = (
				A787FDA3228C5557004BC4D7 /* SwiftyDropbox.framework */,
				A7D560EE228B60A500650894 /* Filestack.framework */,
				A7E872E2228B59FC00C3B3C9 /* FilestackSDK.framework */,
				1C7F24AC087394C114B598EC /* Pods_theWearApplication.framework */,
				6710E8783368A93A74112D5A /* Pods_theWearApplication_theWearApplicationTests.framework */,
			);
			name = Frameworks;
			sourceTree = "<group>";
		};
		A72613FF22705AA700D0074A /* theWearApplicationTests */ = {
			isa = PBXGroup;
			children = (
				A726140022705AA700D0074A /* theWearApplicationTests.swift */,
				A726140222705AA700D0074A /* Info.plist */,
			);
			path = theWearApplicationTests;
			sourceTree = "<group>";
		};
		BA3D8BAB22B8CBB5008F791F /* ViewControllers */ = {
			isa = PBXGroup;
			children = (
				BA3D8BA522B8CB2D008F791F /* ContainerViewController.swift */,
				BAFF268C2268BF6400D6C7FA /* ViewController.swift */,
				BA3D8BA722B8CB44008F791F /* SearchCitiesViewController.swift */,
				BA3D8BA922B8CB5D008F791F /* SettingsViewController.swift */,
			);
			path = ViewControllers;
			sourceTree = "<group>";
		};
		BA3D8BAC22B8D1DF008F791F /* Utilities */ = {
			isa = PBXGroup;
			children = (
				BA4BBE7A22997C880095735F /* CreatingPerson.swift */,
				BAFF26A02268C01700D6C7FA /* Extensions.swift */,
				BABDAB152280E2B500542482 /* configurePaddingsAndFrame.swift */,
			);
			path = Utilities;
			sourceTree = "<group>";
		};
		BABDAB252282345B00542482 /* Views */ = {
			isa = PBXGroup;
			children = (
				BABDAB21228231C200542482 /* NavigationBar.swift */,
				A7DE609A22AE629300FA2055 /* LocationButton.swift */,
				BABDAB232282342B00542482 /* CityLabel.swift */,
				BABDAB1F2282307B00542482 /* SettingsButton.swift */,
				BABDAB262282358000542482 /* PartsCollectionView.swift */,
				BABDAB1D2282262D00542482 /* DetailsView.swift */,
				BA5D91BE228EE66B007E47BA /* CitiesTableView.swift */,
				BAC4B8F622B060DB00E30E56 /* PersonView.swift */,
			);
			path = Views;
			sourceTree = "<group>";
		};
		BABDAB2A22823A9E00542482 /* Cells */ = {
			isa = PBXGroup;
			children = (
				BABDAB2822823A0600542482 /* PartCell.swift */,
				BA6C7ED72284DE2D005654A3 /* HourCell.swift */,
				BA6C7ED92284F185005654A3 /* DetailCell.swift */,
				BA6C7EDB2284F1B9005654A3 /* DayCell.swift */,
				BA5D91C0228EE712007E47BA /* CityCell.swift */,
				BA5D91C4229028C3007E47BA /* SegmentedControlCell.swift */,
			);
			path = Cells;
			sourceTree = "<group>";
		};
		BAFF267E2268BF6400D6C7FA = {
			isa = PBXGroup;
			children = (
				BAFF26892268BF6400D6C7FA /* theWearApplication */,
				A72613FF22705AA700D0074A /* theWearApplicationTests */,
				BAFF26882268BF6400D6C7FA /* Products */,
				258C76F1FA504F6981299F35 /* Pods */,
				72A5E752730880B102677599 /* Frameworks */,
			);
			sourceTree = "<group>";
		};
		BAFF26882268BF6400D6C7FA /* Products */ = {
			isa = PBXGroup;
			children = (
				BAFF26872268BF6400D6C7FA /* theWearApplication.app */,
				A72613FE22705AA700D0074A /* theWearApplicationTests.xctest */,
			);
			name = Products;
			sourceTree = "<group>";
		};
		BAFF26892268BF6400D6C7FA /* theWearApplication */ = {
			isa = PBXGroup;
			children = (
				BA3D8BAB22B8CBB5008F791F /* ViewControllers */,
				BABDAB252282345B00542482 /* Views */,
				BA3D8BAC22B8D1DF008F791F /* Utilities */,
				BABDAB2A22823A9E00542482 /* Cells */,
				BAFF268A2268BF6400D6C7FA /* AppDelegate.swift */,
				BA4BBE78229954930095735F /* Assets.xcassets */,
				BAFF26932268BF6600D6C7FA /* LaunchScreen.storyboard */,
				BAFF26962268BF6600D6C7FA /* Info.plist */,
				A783D0D9226C5670006948F8 /* Requests&Model.swift */,
				A72613EE226DA99E00D0074A /* WeatherCodes&Statuses.swift */,
				A72F45C622933921000177F0 /* LocalNotifications.swift */,
				A701CC5E228F3D18005F4E21 /* Helpers.swift */,
				A78A6838228593AB00657152 /* Data&Methods.swift */,
				BAFF26A62268C05C00D6C7FA /* InternetCheck.swift */,
			);
			path = theWearApplication;
			sourceTree = "<group>";
		};
/* End PBXGroup section */

/* Begin PBXNativeTarget section */
		A72613FD22705AA700D0074A /* theWearApplicationTests */ = {
			isa = PBXNativeTarget;
			buildConfigurationList = A726140722705AA800D0074A /* Build configuration list for PBXNativeTarget "theWearApplicationTests" */;
			buildPhases = (
				A72613FA22705AA700D0074A /* Sources */,
				A72613FB22705AA700D0074A /* Frameworks */,
				A72613FC22705AA700D0074A /* Resources */,
			);
			buildRules = (
			);
			dependencies = (
				A726140422705AA700D0074A /* PBXTargetDependency */,
			);
			name = theWearApplicationTests;
			productName = theWearApplicationTests;
			productReference = A72613FE22705AA700D0074A /* theWearApplicationTests.xctest */;
			productType = "com.apple.product-type.bundle.unit-test";
		};
		BAFF26862268BF6400D6C7FA /* theWearApplication */ = {
			isa = PBXNativeTarget;
			buildConfigurationList = BAFF26992268BF6600D6C7FA /* Build configuration list for PBXNativeTarget "theWearApplication" */;
			buildPhases = (
				37243E64AE9DF07E56DBC072 /* [CP] Check Pods Manifest.lock */,
				BAFF26832268BF6400D6C7FA /* Sources */,
				BAFF26842268BF6400D6C7FA /* Frameworks */,
				BAFF26852268BF6400D6C7FA /* Resources */,
				FE43694FF196DCFF25BFC019 /* [CP] Embed Pods Frameworks */,
			);
			buildRules = (
			);
			dependencies = (
			);
			name = theWearApplication;
			productName = theWearApplication;
			productReference = BAFF26872268BF6400D6C7FA /* theWearApplication.app */;
			productType = "com.apple.product-type.application";
		};
/* End PBXNativeTarget section */

/* Begin PBXProject section */
		BAFF267F2268BF6400D6C7FA /* Project object */ = {
			isa = PBXProject;
			attributes = {
				KnownAssetTags = (
					New,
				);
				LastSwiftUpdateCheck = 1020;
				LastUpgradeCheck = 1020;
				ORGANIZATIONNAME = "Maxim Reshetov";
				TargetAttributes = {
					A72613FD22705AA700D0074A = {
						CreatedOnToolsVersion = 10.2.1;
						TestTargetID = BAFF26862268BF6400D6C7FA;
					};
					BAFF26862268BF6400D6C7FA = {
						CreatedOnToolsVersion = 10.2;
						SystemCapabilities = {
							com.apple.BackgroundModes = {
								enabled = 1;
							};
						};
					};
				};
			};
			buildConfigurationList = BAFF26822268BF6400D6C7FA /* Build configuration list for PBXProject "theWearApplication" */;
			compatibilityVersion = "Xcode 9.3";
			developmentRegion = en;
			hasScannedForEncodings = 0;
			knownRegions = (
				en,
				Base,
			);
			mainGroup = BAFF267E2268BF6400D6C7FA;
			productRefGroup = BAFF26882268BF6400D6C7FA /* Products */;
			projectDirPath = "";
			projectRoot = "";
			targets = (
				BAFF26862268BF6400D6C7FA /* theWearApplication */,
				A72613FD22705AA700D0074A /* theWearApplicationTests */,
			);
		};
/* End PBXProject section */

/* Begin PBXResourcesBuildPhase section */
		A72613FC22705AA700D0074A /* Resources */ = {
			isa = PBXResourcesBuildPhase;
			buildActionMask = 2147483647;
			files = (
			);
			runOnlyForDeploymentPostprocessing = 0;
		};
		BAFF26852268BF6400D6C7FA /* Resources */ = {
			isa = PBXResourcesBuildPhase;
			buildActionMask = 2147483647;
			files = (
				BA4BBE79229954930095735F /* Assets.xcassets in Resources */,
				BAFF26952268BF6600D6C7FA /* LaunchScreen.storyboard in Resources */,
			);
			runOnlyForDeploymentPostprocessing = 0;
		};
/* End PBXResourcesBuildPhase section */

/* Begin PBXShellScriptBuildPhase section */
		37243E64AE9DF07E56DBC072 /* [CP] Check Pods Manifest.lock */ = {
			isa = PBXShellScriptBuildPhase;
			buildActionMask = 2147483647;
			files = (
			);
			inputFileListPaths = (
			);
			inputPaths = (
				"${PODS_PODFILE_DIR_PATH}/Podfile.lock",
				"${PODS_ROOT}/Manifest.lock",
			);
			name = "[CP] Check Pods Manifest.lock";
			outputFileListPaths = (
			);
			outputPaths = (
				"$(DERIVED_FILE_DIR)/Pods-theWearApplication-checkManifestLockResult.txt",
			);
			runOnlyForDeploymentPostprocessing = 0;
			shellPath = /bin/sh;
			shellScript = "diff \"${PODS_PODFILE_DIR_PATH}/Podfile.lock\" \"${PODS_ROOT}/Manifest.lock\" > /dev/null\nif [ $? != 0 ] ; then\n    # print error to STDERR\n    echo \"error: The sandbox is not in sync with the Podfile.lock. Run 'pod install' or update your CocoaPods installation.\" >&2\n    exit 1\nfi\n# This output is used by Xcode 'outputs' to avoid re-running this script phase.\necho \"SUCCESS\" > \"${SCRIPT_OUTPUT_FILE_0}\"\n";
			showEnvVarsInLog = 0;
		};
		FE43694FF196DCFF25BFC019 /* [CP] Embed Pods Frameworks */ = {
			isa = PBXShellScriptBuildPhase;
			buildActionMask = 2147483647;
			files = (
			);
			inputFileListPaths = (
			);
			inputPaths = (
				"${PODS_ROOT}/Target Support Files/Pods-theWearApplication/Pods-theWearApplication-frameworks.sh",
				"${BUILT_PRODUCTS_DIR}/Alamofire/Alamofire.framework",
				"${BUILT_PRODUCTS_DIR}/SwiftyDropbox/SwiftyDropbox.framework",
			);
			name = "[CP] Embed Pods Frameworks";
			outputFileListPaths = (
			);
			outputPaths = (
				"${TARGET_BUILD_DIR}/${FRAMEWORKS_FOLDER_PATH}/Alamofire.framework",
				"${TARGET_BUILD_DIR}/${FRAMEWORKS_FOLDER_PATH}/SwiftyDropbox.framework",
			);
			runOnlyForDeploymentPostprocessing = 0;
			shellPath = /bin/sh;
			shellScript = "\"${PODS_ROOT}/Target Support Files/Pods-theWearApplication/Pods-theWearApplication-frameworks.sh\"\n";
			showEnvVarsInLog = 0;
		};
/* End PBXShellScriptBuildPhase section */

/* Begin PBXSourcesBuildPhase section */
		A72613FA22705AA700D0074A /* Sources */ = {
			isa = PBXSourcesBuildPhase;
			buildActionMask = 2147483647;
			files = (
				A726140122705AA700D0074A /* theWearApplicationTests.swift in Sources */,
			);
			runOnlyForDeploymentPostprocessing = 0;
		};
		BAFF26832268BF6400D6C7FA /* Sources */ = {
			isa = PBXSourcesBuildPhase;
			buildActionMask = 2147483647;
			files = (
				A72F45C722933921000177F0 /* LocalNotifications.swift in Sources */,
				BA6C7ED82284DE2D005654A3 /* HourCell.swift in Sources */,
				BABDAB162280E2B500542482 /* configurePaddingsAndFrame.swift in Sources */,
				BA5D91C5229028C3007E47BA /* SegmentedControlCell.swift in Sources */,
				BA5D91C1228EE712007E47BA /* CityCell.swift in Sources */,
				A72613EF226DA99E00D0074A /* WeatherCodes&Statuses.swift in Sources */,
				BAFF26A12268C01700D6C7FA /* Extensions.swift in Sources */,
				BAFF268D2268BF6400D6C7FA /* ViewController.swift in Sources */,
				BA3D8BA622B8CB2D008F791F /* ContainerViewController.swift in Sources */,
				BABDAB272282358000542482 /* PartsCollectionView.swift in Sources */,
				BA5D91BF228EE66B007E47BA /* CitiesTableView.swift in Sources */,
				BABDAB202282307B00542482 /* SettingsButton.swift in Sources */,
				BABDAB1E2282262D00542482 /* DetailsView.swift in Sources */,
				BA6C7EDC2284F1B9005654A3 /* DayCell.swift in Sources */,
				BA3D8BA822B8CB44008F791F /* SearchCitiesViewController.swift in Sources */,
				BAFF268B2268BF6400D6C7FA /* AppDelegate.swift in Sources */,
				A78A6839228593AB00657152 /* Data&Methods.swift in Sources */,
				BA4BBE7B22997C880095735F /* CreatingPerson.swift in Sources */,
				BAFF26A72268C05C00D6C7FA /* InternetCheck.swift in Sources */,
				BAC4B8F722B060DB00E30E56 /* PersonView.swift in Sources */,
				A701CC5F228F3D18005F4E21 /* Helpers.swift in Sources */,
				BABDAB22228231C200542482 /* NavigationBar.swift in Sources */,
				A783D0DA226C5670006948F8 /* Requests&Model.swift in Sources */,
				BA3D8BAA22B8CB5D008F791F /* SettingsViewController.swift in Sources */,
				BABDAB242282342B00542482 /* CityLabel.swift in Sources */,
				BABDAB2922823A0600542482 /* PartCell.swift in Sources */,
				A7DE609B22AE629300FA2055 /* LocationButton.swift in Sources */,
				BA6C7EDA2284F186005654A3 /* DetailCell.swift in Sources */,
			);
			runOnlyForDeploymentPostprocessing = 0;
		};
/* End PBXSourcesBuildPhase section */

/* Begin PBXTargetDependency section */
		A726140422705AA700D0074A /* PBXTargetDependency */ = {
			isa = PBXTargetDependency;
			target = BAFF26862268BF6400D6C7FA /* theWearApplication */;
			targetProxy = A726140322705AA700D0074A /* PBXContainerItemProxy */;
		};
/* End PBXTargetDependency section */

/* Begin PBXVariantGroup section */
		BAFF26932268BF6600D6C7FA /* LaunchScreen.storyboard */ = {
			isa = PBXVariantGroup;
			children = (
				BAFF26942268BF6600D6C7FA /* Base */,
			);
			name = LaunchScreen.storyboard;
			sourceTree = "<group>";
		};
/* End PBXVariantGroup section */

/* Begin XCBuildConfiguration section */
		A726140522705AA800D0074A /* Debug */ = {
			isa = XCBuildConfiguration;
			buildSettings = {
				BUNDLE_LOADER = "$(TEST_HOST)";
				CODE_SIGN_STYLE = Automatic;
				DEVELOPMENT_TEAM = 99F33CAX5W;
				INFOPLIST_FILE = theWearApplicationTests/Info.plist;
				LD_RUNPATH_SEARCH_PATHS = (
					"$(inherited)",
					"@executable_path/Frameworks",
					"@loader_path/Frameworks",
				);
				PRODUCT_BUNDLE_IDENTIFIER = Valentina.theWearApplicationTests;
				PRODUCT_NAME = "$(TARGET_NAME)";
				SWIFT_VERSION = 5.0;
				TARGETED_DEVICE_FAMILY = "1,2";
				TEST_HOST = "$(BUILT_PRODUCTS_DIR)/theWearApplication.app/theWearApplication";
			};
			name = Debug;
		};
		A726140622705AA800D0074A /* Release */ = {
			isa = XCBuildConfiguration;
			buildSettings = {
				BUNDLE_LOADER = "$(TEST_HOST)";
				CODE_SIGN_STYLE = Automatic;
				DEVELOPMENT_TEAM = 99F33CAX5W;
				INFOPLIST_FILE = theWearApplicationTests/Info.plist;
				LD_RUNPATH_SEARCH_PATHS = (
					"$(inherited)",
					"@executable_path/Frameworks",
					"@loader_path/Frameworks",
				);
				PRODUCT_BUNDLE_IDENTIFIER = Valentina.theWearApplicationTests;
				PRODUCT_NAME = "$(TARGET_NAME)";
				SWIFT_VERSION = 5.0;
				TARGETED_DEVICE_FAMILY = "1,2";
				TEST_HOST = "$(BUILT_PRODUCTS_DIR)/theWearApplication.app/theWearApplication";
			};
			name = Release;
		};
		BAFF26972268BF6600D6C7FA /* Debug */ = {
			isa = XCBuildConfiguration;
			buildSettings = {
				ALWAYS_SEARCH_USER_PATHS = NO;
				CLANG_ANALYZER_NONNULL = YES;
				CLANG_ANALYZER_NUMBER_OBJECT_CONVERSION = YES_AGGRESSIVE;
				CLANG_CXX_LANGUAGE_STANDARD = "gnu++14";
				CLANG_CXX_LIBRARY = "libc++";
				CLANG_ENABLE_MODULES = YES;
				CLANG_ENABLE_OBJC_ARC = YES;
				CLANG_ENABLE_OBJC_WEAK = YES;
				CLANG_WARN_BLOCK_CAPTURE_AUTORELEASING = YES;
				CLANG_WARN_BOOL_CONVERSION = YES;
				CLANG_WARN_COMMA = YES;
				CLANG_WARN_CONSTANT_CONVERSION = YES;
				CLANG_WARN_DEPRECATED_OBJC_IMPLEMENTATIONS = YES;
				CLANG_WARN_DIRECT_OBJC_ISA_USAGE = YES_ERROR;
				CLANG_WARN_DOCUMENTATION_COMMENTS = YES;
				CLANG_WARN_EMPTY_BODY = YES;
				CLANG_WARN_ENUM_CONVERSION = YES;
				CLANG_WARN_INFINITE_RECURSION = YES;
				CLANG_WARN_INT_CONVERSION = YES;
				CLANG_WARN_NON_LITERAL_NULL_CONVERSION = YES;
				CLANG_WARN_OBJC_IMPLICIT_RETAIN_SELF = YES;
				CLANG_WARN_OBJC_LITERAL_CONVERSION = YES;
				CLANG_WARN_OBJC_ROOT_CLASS = YES_ERROR;
				CLANG_WARN_RANGE_LOOP_ANALYSIS = YES;
				CLANG_WARN_STRICT_PROTOTYPES = YES;
				CLANG_WARN_SUSPICIOUS_MOVE = YES;
				CLANG_WARN_UNGUARDED_AVAILABILITY = YES_AGGRESSIVE;
				CLANG_WARN_UNREACHABLE_CODE = YES;
				CLANG_WARN__DUPLICATE_METHOD_MATCH = YES;
				CODE_SIGN_IDENTITY = "iPhone Developer";
				COPY_PHASE_STRIP = NO;
				DEBUG_INFORMATION_FORMAT = dwarf;
				ENABLE_STRICT_OBJC_MSGSEND = YES;
				ENABLE_TESTABILITY = YES;
				GCC_C_LANGUAGE_STANDARD = gnu11;
				GCC_DYNAMIC_NO_PIC = NO;
				GCC_NO_COMMON_BLOCKS = YES;
				GCC_OPTIMIZATION_LEVEL = 0;
				GCC_PREPROCESSOR_DEFINITIONS = (
					"DEBUG=1",
					"$(inherited)",
				);
				GCC_WARN_64_TO_32_BIT_CONVERSION = YES;
				GCC_WARN_ABOUT_RETURN_TYPE = YES_ERROR;
				GCC_WARN_UNDECLARED_SELECTOR = YES;
				GCC_WARN_UNINITIALIZED_AUTOS = YES_AGGRESSIVE;
				GCC_WARN_UNUSED_FUNCTION = YES;
				GCC_WARN_UNUSED_VARIABLE = YES;
				IPHONEOS_DEPLOYMENT_TARGET = 12.2;
				MTL_ENABLE_DEBUG_INFO = INCLUDE_SOURCE;
				MTL_FAST_MATH = YES;
				ONLY_ACTIVE_ARCH = YES;
				SDKROOT = iphoneos;
				SWIFT_ACTIVE_COMPILATION_CONDITIONS = DEBUG;
				SWIFT_OPTIMIZATION_LEVEL = "-Onone";
			};
			name = Debug;
		};
		BAFF26982268BF6600D6C7FA /* Release */ = {
			isa = XCBuildConfiguration;
			buildSettings = {
				ALWAYS_SEARCH_USER_PATHS = NO;
				CLANG_ANALYZER_NONNULL = YES;
				CLANG_ANALYZER_NUMBER_OBJECT_CONVERSION = YES_AGGRESSIVE;
				CLANG_CXX_LANGUAGE_STANDARD = "gnu++14";
				CLANG_CXX_LIBRARY = "libc++";
				CLANG_ENABLE_MODULES = YES;
				CLANG_ENABLE_OBJC_ARC = YES;
				CLANG_ENABLE_OBJC_WEAK = YES;
				CLANG_WARN_BLOCK_CAPTURE_AUTORELEASING = YES;
				CLANG_WARN_BOOL_CONVERSION = YES;
				CLANG_WARN_COMMA = YES;
				CLANG_WARN_CONSTANT_CONVERSION = YES;
				CLANG_WARN_DEPRECATED_OBJC_IMPLEMENTATIONS = YES;
				CLANG_WARN_DIRECT_OBJC_ISA_USAGE = YES_ERROR;
				CLANG_WARN_DOCUMENTATION_COMMENTS = YES;
				CLANG_WARN_EMPTY_BODY = YES;
				CLANG_WARN_ENUM_CONVERSION = YES;
				CLANG_WARN_INFINITE_RECURSION = YES;
				CLANG_WARN_INT_CONVERSION = YES;
				CLANG_WARN_NON_LITERAL_NULL_CONVERSION = YES;
				CLANG_WARN_OBJC_IMPLICIT_RETAIN_SELF = YES;
				CLANG_WARN_OBJC_LITERAL_CONVERSION = YES;
				CLANG_WARN_OBJC_ROOT_CLASS = YES_ERROR;
				CLANG_WARN_RANGE_LOOP_ANALYSIS = YES;
				CLANG_WARN_STRICT_PROTOTYPES = YES;
				CLANG_WARN_SUSPICIOUS_MOVE = YES;
				CLANG_WARN_UNGUARDED_AVAILABILITY = YES_AGGRESSIVE;
				CLANG_WARN_UNREACHABLE_CODE = YES;
				CLANG_WARN__DUPLICATE_METHOD_MATCH = YES;
				CODE_SIGN_IDENTITY = "iPhone Developer";
				COPY_PHASE_STRIP = NO;
				DEBUG_INFORMATION_FORMAT = "dwarf-with-dsym";
				ENABLE_NS_ASSERTIONS = NO;
				ENABLE_STRICT_OBJC_MSGSEND = YES;
				GCC_C_LANGUAGE_STANDARD = gnu11;
				GCC_NO_COMMON_BLOCKS = YES;
				GCC_WARN_64_TO_32_BIT_CONVERSION = YES;
				GCC_WARN_ABOUT_RETURN_TYPE = YES_ERROR;
				GCC_WARN_UNDECLARED_SELECTOR = YES;
				GCC_WARN_UNINITIALIZED_AUTOS = YES_AGGRESSIVE;
				GCC_WARN_UNUSED_FUNCTION = YES;
				GCC_WARN_UNUSED_VARIABLE = YES;
				IPHONEOS_DEPLOYMENT_TARGET = 12.2;
				MTL_ENABLE_DEBUG_INFO = NO;
				MTL_FAST_MATH = YES;
				SDKROOT = iphoneos;
				SWIFT_COMPILATION_MODE = wholemodule;
				SWIFT_OPTIMIZATION_LEVEL = "-O";
				VALIDATE_PRODUCT = YES;
			};
			name = Release;
		};
		BAFF269A2268BF6600D6C7FA /* Debug */ = {
			isa = XCBuildConfiguration;
			baseConfigurationReference = 6430FBB6C3A020CA7AA0D49F /* Pods-theWearApplication.debug.xcconfig */;
			buildSettings = {
				ASSETCATALOG_COMPILER_APPICON_NAME = AppIcon;
				CODE_SIGN_STYLE = Automatic;
				DEVELOPMENT_TEAM = 78FSRJL5ZR;
				INFOPLIST_FILE = theWearApplication/Info.plist;
				IPHONEOS_DEPLOYMENT_TARGET = 12.0;
				LD_RUNPATH_SEARCH_PATHS = (
					"$(inherited)",
					"@executable_path/Frameworks",
				);
				PRODUCT_BUNDLE_IDENTIFIER = "Reshetov.studio.theWearApplication-theWear";
				PRODUCT_NAME = "$(TARGET_NAME)";
				SWIFT_VERSION = 5.0;
				TARGETED_DEVICE_FAMILY = 1;
			};
			name = Debug;
		};
		BAFF269B2268BF6600D6C7FA /* Release */ = {
			isa = XCBuildConfiguration;
			baseConfigurationReference = 1297827E055B0A29E4E7676C /* Pods-theWearApplication.release.xcconfig */;
			buildSettings = {
				ASSETCATALOG_COMPILER_APPICON_NAME = AppIcon;
				CODE_SIGN_STYLE = Automatic;
				DEVELOPMENT_TEAM = 78FSRJL5ZR;
				INFOPLIST_FILE = theWearApplication/Info.plist;
				IPHONEOS_DEPLOYMENT_TARGET = 12.0;
				LD_RUNPATH_SEARCH_PATHS = (
					"$(inherited)",
					"@executable_path/Frameworks",
				);
				PRODUCT_BUNDLE_IDENTIFIER = "Reshetov.studio.theWearApplication-theWear";
				PRODUCT_NAME = "$(TARGET_NAME)";
				SWIFT_VERSION = 5.0;
				TARGETED_DEVICE_FAMILY = 1;
			};
			name = Release;
		};
/* End XCBuildConfiguration section */

/* Begin XCConfigurationList section */
		A726140722705AA800D0074A /* Build configuration list for PBXNativeTarget "theWearApplicationTests" */ = {
			isa = XCConfigurationList;
			buildConfigurations = (
				A726140522705AA800D0074A /* Debug */,
				A726140622705AA800D0074A /* Release */,
			);
			defaultConfigurationIsVisible = 0;
			defaultConfigurationName = Release;
		};
		BAFF26822268BF6400D6C7FA /* Build configuration list for PBXProject "theWearApplication" */ = {
			isa = XCConfigurationList;
			buildConfigurations = (
				BAFF26972268BF6600D6C7FA /* Debug */,
				BAFF26982268BF6600D6C7FA /* Release */,
			);
			defaultConfigurationIsVisible = 0;
			defaultConfigurationName = Release;
		};
		BAFF26992268BF6600D6C7FA /* Build configuration list for PBXNativeTarget "theWearApplication" */ = {
			isa = XCConfigurationList;
			buildConfigurations = (
				BAFF269A2268BF6600D6C7FA /* Debug */,
				BAFF269B2268BF6600D6C7FA /* Release */,
			);
			defaultConfigurationIsVisible = 0;
			defaultConfigurationName = Release;
		};
/* End XCConfigurationList section */
	};
	rootObject = BAFF267F2268BF6400D6C7FA /* Project object */;
}
